<?xml version="1.0" encoding="UTF-8" standalone="yes" ?>
<CodeBlocks_project_file>
	<FileVersion major="1" minor="6" />
	<Project>
		<Option title="graf cum vrea dumi" />
		<Option pch_mode="2" />
		<Option compiler="gcc" />
		<Build>
			<Target title="Debug">
				<Option output="bin/Debug/graf cum vrea dumi" prefix_auto="1" extension_auto="1" />
				<Option object_output="obj/Debug/" />
				<Option type="1" />
				<Option compiler="gcc" />
				<Compiler>
					<Add option="-g" />
				</Compiler>
			</Target>
			<Target title="Release">
				<Option output="bin/Release/graf cum vrea dumi" prefix_auto="1" extension_auto="1" />
				<Option object_output="obj/Release/" />
				<Option type="1" />
				<Option compiler="gcc" />
				<Compiler>
					<Add option="-O2" />
				</Compiler>
				<Linker>
					<Add option="-s" />
				</Linker>
			</Target>
		</Build>
		<Compiler>
			<Add option="-Wall" />
			<Add option="-fexceptions" />
		</Compiler>
		<Unit filename="apm.in" />
		<Unit filename="bellmanford.in" />
		<Unit filename="bfs.in" />
		<Unit filename="biconex.in" />
		<Unit filename="critice.in" />
		<Unit filename="ctc.in" />
		<Unit filename="darb.in" />
		<Unit filename="dfs.in" />
		<Unit filename="dijkstra.in" />
		<Unit filename="disjoint.in" />
		<Unit filename="main.cpp" />
		<Unit filename="maxflow.in" />
		<Unit filename="royfloyd.in" />
		<Unit filename="sortaret.in" />
		<Extensions>
			<lib_finder disable_auto="1" />
		</Extensions>
	</Project>
</CodeBlocks_project_file>
